
Microsoft Visual Studio Solution File, Format Version 12.00
# Visual Studio 2017
Project("{FAE04EC0-301F-11D3-BF4B-00C04F79EFBC}") = "ProjetBaseVuforia", "ProjetBaseVuforia.csproj", "{23448CC7-5304-0E13-1CCE-65ED4B4561E8}"
EndProject
Project("{FAE04EC0-301F-11D3-BF4B-00C04F79EFBC}") = "ProjetBaseVuforia.Editor", "ProjetBaseVuforia.Editor.csproj", "{A6A30327-7750-A8EA-924E-63008D91B4ED}"
EndProject
Global
	GlobalSection(SolutionConfigurationPlatforms) = preSolution
		Debug|Any CPU = Debug|Any CPU
		Release|Any CPU = Release|Any CPU
	EndGlobalSection
	GlobalSection(ProjectConfigurationPlatforms) = postSolution
		{23448CC7-5304-0E13-1CCE-65ED4B4561E8}.Debug|Any CPU.ActiveCfg = Debug|Any CPU
		{23448CC7-5304-0E13-1CCE-65ED4B4561E8}.Debug|Any CPU.Build.0 = Debug|Any CPU
		{23448CC7-5304-0E13-1CCE-65ED4B4561E8}.Release|Any CPU.ActiveCfg = Release|Any CPU
		{23448CC7-5304-0E13-1CCE-65ED4B4561E8}.Release|Any CPU.Build.0 = Release|Any CPU
		{A6A30327-7750-A8EA-924E-63008D91B4ED}.Debug|Any CPU.ActiveCfg = Debug|Any CPU
		{A6A30327-7750-A8EA-924E-63008D91B4ED}.Debug|Any CPU.Build.0 = Debug|Any CPU
		{A6A30327-7750-A8EA-924E-63008D91B4ED}.Release|Any CPU.ActiveCfg = Release|Any CPU
		{A6A30327-7750-A8EA-924E-63008D91B4ED}.Release|Any CPU.Build.0 = Release|Any CPU
	EndGlobalSection
	GlobalSection(SolutionProperties) = preSolution
		HideSolutionNode = FALSE
	EndGlobalSection
EndGlobal
